
Microsoft Visual Studio Solution File, Format Version 12.00
# Visual Studio Version 17
VisualStudioVersion = 17.1.32319.34
MinimumVisualStudioVersion = 10.0.40219.1
Project("{FAE04EC0-301F-11D3-BF4B-00C04F79EFBC}") = "N8_miniprojeto", "miniprojeto\N8_miniprojeto.csproj", "{7998AFDB-5D69-458E-BD61-9CF3241A23EA}"
EndProject
Global
	GlobalSection(SolutionConfigurationPlatforms) = preSolution
		Debug|Any CPU = Debug|Any CPU
		Release|Any CPU = Release|Any CPU
	EndGlobalSection
	GlobalSection(ProjectConfigurationPlatforms) = postSolution
		{7998AFDB-5D69-458E-BD61-9CF3241A23EA}.Debug|Any CPU.ActiveCfg = Debug|Any CPU
		{7998AFDB-5D69-458E-BD61-9CF3241A23EA}.Debug|Any CPU.Build.0 = Debug|Any CPU
		{7998AFDB-5D69-458E-BD61-9CF3241A23EA}.Release|Any CPU.ActiveCfg = Release|Any CPU
		{7998AFDB-5D69-458E-BD61-9CF3241A23EA}.Release|Any CPU.Build.0 = Release|Any CPU
	EndGlobalSection
	GlobalSection(SolutionProperties) = preSolution
		HideSolutionNode = FALSE
	EndGlobalSection
	GlobalSection(ExtensibilityGlobals) = postSolution
		SolutionGuid = {5E45872C-8BB5-46F9-9090-ABFFF5D056FA}
	EndGlobalSection
EndGlobal
